
Microsoft Visual Studio Solution File, Format Version 12.00
# Visual Studio Version 17
VisualStudioVersion = 17.1.32319.34
MinimumVisualStudioVersion = 10.0.40219.1
Project("{FAE04EC0-301F-11D3-BF4B-00C04F79EFBC}") = "MonopolyFoundation", "MonopolyFoundation\MonopolyFoundation.csproj", "{4407312F-5E4B-406C-B1C3-C614627836B8}"
EndProject
Project("{FAE04EC0-301F-11D3-BF4B-00C04F79EFBC}") = "MonopolyFoundation.Tests", "MonopolyFoundation.Tests\MonopolyFoundation.Tests.csproj", "{FE0F4F22-DFD3-46A0-8964-3D65643F7674}"
EndProject
Global
	GlobalSection(SolutionConfigurationPlatforms) = preSolution
		Debug|Any CPU = Debug|Any CPU
		Debug|x64 = Debug|x64
		Release|Any CPU = Release|Any CPU
		Release|x64 = Release|x64
	EndGlobalSection
	GlobalSection(ProjectConfigurationPlatforms) = postSolution
		{4407312F-5E4B-406C-B1C3-C614627836B8}.Debug|Any CPU.ActiveCfg = Debug|Any CPU
		{4407312F-5E4B-406C-B1C3-C614627836B8}.Debug|Any CPU.Build.0 = Debug|Any CPU
		{4407312F-5E4B-406C-B1C3-C614627836B8}.Debug|x64.ActiveCfg = Debug|x64
		{4407312F-5E4B-406C-B1C3-C614627836B8}.Debug|x64.Build.0 = Debug|x64
		{4407312F-5E4B-406C-B1C3-C614627836B8}.Release|Any CPU.ActiveCfg = Release|Any CPU
		{4407312F-5E4B-406C-B1C3-C614627836B8}.Release|Any CPU.Build.0 = Release|Any CPU
		{4407312F-5E4B-406C-B1C3-C614627836B8}.Release|x64.ActiveCfg = Release|x64
		{4407312F-5E4B-406C-B1C3-C614627836B8}.Release|x64.Build.0 = Release|x64
		{FE0F4F22-DFD3-46A0-8964-3D65643F7674}.Debug|Any CPU.ActiveCfg = Debug|Any CPU
		{FE0F4F22-DFD3-46A0-8964-3D65643F7674}.Debug|Any CPU.Build.0 = Debug|Any CPU
		{FE0F4F22-DFD3-46A0-8964-3D65643F7674}.Debug|x64.ActiveCfg = Debug|x64
		{FE0F4F22-DFD3-46A0-8964-3D65643F7674}.Debug|x64.Build.0 = Debug|x64
		{FE0F4F22-DFD3-46A0-8964-3D65643F7674}.Release|Any CPU.ActiveCfg = Release|Any CPU
		{FE0F4F22-DFD3-46A0-8964-3D65643F7674}.Release|Any CPU.Build.0 = Release|Any CPU
		{FE0F4F22-DFD3-46A0-8964-3D65643F7674}.Release|x64.ActiveCfg = Release|x64
		{FE0F4F22-DFD3-46A0-8964-3D65643F7674}.Release|x64.Build.0 = Release|x64
	EndGlobalSection
	GlobalSection(SolutionProperties) = preSolution
		HideSolutionNode = FALSE
	EndGlobalSection
	GlobalSection(ExtensibilityGlobals) = postSolution
		SolutionGuid = {5B8CF9AE-E657-4A43-A421-562E0E274070}
	EndGlobalSection
EndGlobal
